
Microsoft Visual Studio Solution File, Format Version 12.00
# Visual Studio 2013
VisualStudioVersion = 12.0.40629.0
MinimumVisualStudioVersion = 10.0.40219.1
Project("{FAE04EC0-301F-11D3-BF4B-00C04F79EFBC}") = "NinjaDomain.Classes", "NinjaDomain.Classes\NinjaDomain.Classes.csproj", "{A56D9B31-BFC0-47E6-B7AB-6A2A59AEB9B4}"
EndProject
Project("{FAE04EC0-301F-11D3-BF4B-00C04F79EFBC}") = "NinjaDomain.DataModel", "NinjaDomain.DataModel\NinjaDomain.DataModel.csproj", "{119C0665-A106-41D7-82B7-8D572A11E33C}"
EndProject
Project("{FAE04EC0-301F-11D3-BF4B-00C04F79EFBC}") = "ConsoleApplication", "ConsoleApplication\ConsoleApplication.csproj", "{973F764D-BADA-4F28-8C76-3AF0035A3DA8}"
EndProject
Global
	GlobalSection(SolutionConfigurationPlatforms) = preSolution
		Debug|Any CPU = Debug|Any CPU
		Release|Any CPU = Release|Any CPU
	EndGlobalSection
	GlobalSection(ProjectConfigurationPlatforms) = postSolution
		{A56D9B31-BFC0-47E6-B7AB-6A2A59AEB9B4}.Debug|Any CPU.ActiveCfg = Debug|Any CPU
		{A56D9B31-BFC0-47E6-B7AB-6A2A59AEB9B4}.Debug|Any CPU.Build.0 = Debug|Any CPU
		{A56D9B31-BFC0-47E6-B7AB-6A2A59AEB9B4}.Release|Any CPU.ActiveCfg = Release|Any CPU
		{A56D9B31-BFC0-47E6-B7AB-6A2A59AEB9B4}.Release|Any CPU.Build.0 = Release|Any CPU
		{119C0665-A106-41D7-82B7-8D572A11E33C}.Debug|Any CPU.ActiveCfg = Debug|Any CPU
		{119C0665-A106-41D7-82B7-8D572A11E33C}.Debug|Any CPU.Build.0 = Debug|Any CPU
		{119C0665-A106-41D7-82B7-8D572A11E33C}.Release|Any CPU.ActiveCfg = Release|Any CPU
		{119C0665-A106-41D7-82B7-8D572A11E33C}.Release|Any CPU.Build.0 = Release|Any CPU
		{973F764D-BADA-4F28-8C76-3AF0035A3DA8}.Debug|Any CPU.ActiveCfg = Debug|Any CPU
		{973F764D-BADA-4F28-8C76-3AF0035A3DA8}.Debug|Any CPU.Build.0 = Debug|Any CPU
		{973F764D-BADA-4F28-8C76-3AF0035A3DA8}.Release|Any CPU.ActiveCfg = Release|Any CPU
		{973F764D-BADA-4F28-8C76-3AF0035A3DA8}.Release|Any CPU.Build.0 = Release|Any CPU
	EndGlobalSection
	GlobalSection(SolutionProperties) = preSolution
		HideSolutionNode = FALSE
	EndGlobalSection
EndGlobal
